
Microsoft Visual Studio Solution File, Format Version 12.00
# Visual Studio 2012
Project("{FAE04EC0-301F-11D3-BF4B-00C04F79EFBC}") = "VoroTest", "VoroTest.csproj", "{BB752926-6D83-46D3-9726-A6A8FE9FE3E8}"
EndProject
Project("{FAE04EC0-301F-11D3-BF4B-00C04F79EFBC}") = "FortuneVoronoi", "..\FortuneVoronoi\FortuneVoronoi.csproj", "{DDF5D740-6EE1-44BA-9DB9-782BF23E28D6}"
EndProject
Global
	GlobalSection(SolutionConfigurationPlatforms) = preSolution
		Debug|Any CPU = Debug|Any CPU
		Release|Any CPU = Release|Any CPU
	EndGlobalSection
	GlobalSection(ProjectConfigurationPlatforms) = postSolution
		{BB752926-6D83-46D3-9726-A6A8FE9FE3E8}.Debug|Any CPU.ActiveCfg = Debug|Any CPU
		{BB752926-6D83-46D3-9726-A6A8FE9FE3E8}.Debug|Any CPU.Build.0 = Debug|Any CPU
		{BB752926-6D83-46D3-9726-A6A8FE9FE3E8}.Release|Any CPU.ActiveCfg = Release|Any CPU
		{BB752926-6D83-46D3-9726-A6A8FE9FE3E8}.Release|Any CPU.Build.0 = Release|Any CPU
		{DDF5D740-6EE1-44BA-9DB9-782BF23E28D6}.Debug|Any CPU.ActiveCfg = Debug|Any CPU
		{DDF5D740-6EE1-44BA-9DB9-782BF23E28D6}.Debug|Any CPU.Build.0 = Debug|Any CPU
		{DDF5D740-6EE1-44BA-9DB9-782BF23E28D6}.Release|Any CPU.ActiveCfg = Release|Any CPU
		{DDF5D740-6EE1-44BA-9DB9-782BF23E28D6}.Release|Any CPU.Build.0 = Release|Any CPU
	EndGlobalSection
	GlobalSection(SolutionProperties) = preSolution
		HideSolutionNode = FALSE
	EndGlobalSection
EndGlobal
